
Microsoft Visual Studio Solution File, Format Version 12.00
# Visual Studio 15
VisualStudioVersion = 15.0.27130.2036
MinimumVisualStudioVersion = 10.0.40219.1
Project("{8BC9CEB8-8B4A-11D0-8D11-00A0C91BC942}") = "Materials_dynamic", "Materials_dynamic\Materials_dynamic.vcxproj", "{C4C9ED67-CC25-4A77-B882-A0D4EC0E2919}"
EndProject
Global
	GlobalSection(SolutionConfigurationPlatforms) = preSolution
		Debug|x64 = Debug|x64
		Debug|x86 = Debug|x86
		Release|x64 = Release|x64
		Release|x86 = Release|x86
	EndGlobalSection
	GlobalSection(ProjectConfigurationPlatforms) = postSolution
		{C4C9ED67-CC25-4A77-B882-A0D4EC0E2919}.Debug|x64.ActiveCfg = Debug|x64
		{C4C9ED67-CC25-4A77-B882-A0D4EC0E2919}.Debug|x64.Build.0 = Debug|x64
		{C4C9ED67-CC25-4A77-B882-A0D4EC0E2919}.Debug|x86.ActiveCfg = Debug|Win32
		{C4C9ED67-CC25-4A77-B882-A0D4EC0E2919}.Debug|x86.Build.0 = Debug|Win32
		{C4C9ED67-CC25-4A77-B882-A0D4EC0E2919}.Release|x64.ActiveCfg = Release|x64
		{C4C9ED67-CC25-4A77-B882-A0D4EC0E2919}.Release|x64.Build.0 = Release|x64
		{C4C9ED67-CC25-4A77-B882-A0D4EC0E2919}.Release|x86.ActiveCfg = Release|Win32
		{C4C9ED67-CC25-4A77-B882-A0D4EC0E2919}.Release|x86.Build.0 = Release|Win32
	EndGlobalSection
	GlobalSection(SolutionProperties) = preSolution
		HideSolutionNode = FALSE
	EndGlobalSection
	GlobalSection(ExtensibilityGlobals) = postSolution
		SolutionGuid = {8B1EB7E6-DB31-4AAE-8A84-E05399B95103}
	EndGlobalSection
EndGlobal
