
Microsoft Visual Studio Solution File, Format Version 12.00
# Visual Studio 15
VisualStudioVersion = 15.0.27130.2036
MinimumVisualStudioVersion = 10.0.40219.1
Project("{8BC9CEB8-8B4A-11D0-8D11-00A0C91BC942}") = "Materials_static", "Materials_static\Materials_static.vcxproj", "{25C654F4-C045-4C86-826D-1E1EB3A1B695}"
EndProject
Global
	GlobalSection(SolutionConfigurationPlatforms) = preSolution
		Debug|x64 = Debug|x64
		Debug|x86 = Debug|x86
		Release|x64 = Release|x64
		Release|x86 = Release|x86
	EndGlobalSection
	GlobalSection(ProjectConfigurationPlatforms) = postSolution
		{25C654F4-C045-4C86-826D-1E1EB3A1B695}.Debug|x64.ActiveCfg = Debug|x64
		{25C654F4-C045-4C86-826D-1E1EB3A1B695}.Debug|x64.Build.0 = Debug|x64
		{25C654F4-C045-4C86-826D-1E1EB3A1B695}.Debug|x86.ActiveCfg = Debug|Win32
		{25C654F4-C045-4C86-826D-1E1EB3A1B695}.Debug|x86.Build.0 = Debug|Win32
		{25C654F4-C045-4C86-826D-1E1EB3A1B695}.Release|x64.ActiveCfg = Release|x64
		{25C654F4-C045-4C86-826D-1E1EB3A1B695}.Release|x64.Build.0 = Release|x64
		{25C654F4-C045-4C86-826D-1E1EB3A1B695}.Release|x86.ActiveCfg = Release|Win32
		{25C654F4-C045-4C86-826D-1E1EB3A1B695}.Release|x86.Build.0 = Release|Win32
	EndGlobalSection
	GlobalSection(SolutionProperties) = preSolution
		HideSolutionNode = FALSE
	EndGlobalSection
	GlobalSection(ExtensibilityGlobals) = postSolution
		SolutionGuid = {2496FB5D-A68B-4570-9260-A47F39CF415A}
	EndGlobalSection
EndGlobal
