
Microsoft Visual Studio Solution File, Format Version 12.00
# Visual Studio 15
VisualStudioVersion = 15.0.27130.2036
MinimumVisualStudioVersion = 10.0.40219.1
Project("{8BC9CEB8-8B4A-11D0-8D11-00A0C91BC942}") = "LightCasters_direction", "LightCasters_direction\LightCasters_direction.vcxproj", "{57E9812D-9C0B-4BC7-BC9B-ADF52FEB3743}"
EndProject
Global
	GlobalSection(SolutionConfigurationPlatforms) = preSolution
		Debug|x64 = Debug|x64
		Debug|x86 = Debug|x86
		Release|x64 = Release|x64
		Release|x86 = Release|x86
	EndGlobalSection
	GlobalSection(ProjectConfigurationPlatforms) = postSolution
		{57E9812D-9C0B-4BC7-BC9B-ADF52FEB3743}.Debug|x64.ActiveCfg = Debug|x64
		{57E9812D-9C0B-4BC7-BC9B-ADF52FEB3743}.Debug|x64.Build.0 = Debug|x64
		{57E9812D-9C0B-4BC7-BC9B-ADF52FEB3743}.Debug|x86.ActiveCfg = Debug|Win32
		{57E9812D-9C0B-4BC7-BC9B-ADF52FEB3743}.Debug|x86.Build.0 = Debug|Win32
		{57E9812D-9C0B-4BC7-BC9B-ADF52FEB3743}.Release|x64.ActiveCfg = Release|x64
		{57E9812D-9C0B-4BC7-BC9B-ADF52FEB3743}.Release|x64.Build.0 = Release|x64
		{57E9812D-9C0B-4BC7-BC9B-ADF52FEB3743}.Release|x86.ActiveCfg = Release|Win32
		{57E9812D-9C0B-4BC7-BC9B-ADF52FEB3743}.Release|x86.Build.0 = Release|Win32
	EndGlobalSection
	GlobalSection(SolutionProperties) = preSolution
		HideSolutionNode = FALSE
	EndGlobalSection
	GlobalSection(ExtensibilityGlobals) = postSolution
		SolutionGuid = {E1BEAC84-380D-4DDF-929B-57A24CC5A200}
	EndGlobalSection
EndGlobal
