
Microsoft Visual Studio Solution File, Format Version 12.00
# Visual Studio 15
VisualStudioVersion = 15.0.27130.2036
MinimumVisualStudioVersion = 10.0.40219.1
Project("{8BC9CEB8-8B4A-11D0-8D11-00A0C91BC942}") = "Blending_Discard", "Blending_Discard\Blending_Discard.vcxproj", "{03649F0D-2B4B-4C03-91D8-01AAD32FB1DE}"
EndProject
Global
	GlobalSection(SolutionConfigurationPlatforms) = preSolution
		Debug|x64 = Debug|x64
		Debug|x86 = Debug|x86
		Release|x64 = Release|x64
		Release|x86 = Release|x86
	EndGlobalSection
	GlobalSection(ProjectConfigurationPlatforms) = postSolution
		{03649F0D-2B4B-4C03-91D8-01AAD32FB1DE}.Debug|x64.ActiveCfg = Debug|x64
		{03649F0D-2B4B-4C03-91D8-01AAD32FB1DE}.Debug|x64.Build.0 = Debug|x64
		{03649F0D-2B4B-4C03-91D8-01AAD32FB1DE}.Debug|x86.ActiveCfg = Debug|Win32
		{03649F0D-2B4B-4C03-91D8-01AAD32FB1DE}.Debug|x86.Build.0 = Debug|Win32
		{03649F0D-2B4B-4C03-91D8-01AAD32FB1DE}.Release|x64.ActiveCfg = Release|x64
		{03649F0D-2B4B-4C03-91D8-01AAD32FB1DE}.Release|x64.Build.0 = Release|x64
		{03649F0D-2B4B-4C03-91D8-01AAD32FB1DE}.Release|x86.ActiveCfg = Release|Win32
		{03649F0D-2B4B-4C03-91D8-01AAD32FB1DE}.Release|x86.Build.0 = Release|Win32
	EndGlobalSection
	GlobalSection(SolutionProperties) = preSolution
		HideSolutionNode = FALSE
	EndGlobalSection
	GlobalSection(ExtensibilityGlobals) = postSolution
		SolutionGuid = {59ACA483-6642-4D4F-B1CB-8E7E5FA8B9C2}
	EndGlobalSection
EndGlobal
